
Microsoft Visual Studio Solution File, Format Version 12.00
Project("{2150E333-8FDC-42A3-9474-1A3956D46DE8}") = "src", "src", "{03CE963D-9C88-4C36-83B6-43CE8333B978}"
EndProject
Project("{FAE04EC0-301F-11D3-BF4B-00C04F79EFBC}") = "PL.Engine", "src\PL.Engine\PL.Engine.csproj", "{5D951FF9-08B6-4C5C-8347-15E011CB00F3}"
EndProject
Project("{FAE04EC0-301F-11D3-BF4B-00C04F79EFBC}") = "PL.Contracts", "src\PL.Contracts\PL.Contracts.csproj", "{CC794401-21B0-4F9F-83A4-49AD33905B44}"
EndProject
Project("{2150E333-8FDC-42A3-9474-1A3956D46DE8}") = "test", "test", "{5131390F-328E-4E6D-B389-848F9311305A}"
EndProject
Project("{FAE04EC0-301F-11D3-BF4B-00C04F79EFBC}") = "TestPL.Engine", "test\TestPL.Engine\TestPL.Engine.csproj", "{3D96EE1A-00AF-484E-94EB-0BED4F9B079F}"
EndProject
Project("{FAE04EC0-301F-11D3-BF4B-00C04F79EFBC}") = "PL.Host", "src\PL.Host\PL.Host.csproj", "{1D682F3D-1DD0-4B72-AE89-7EB0F13DF3EB}"
EndProject
Project("{FAE04EC0-301F-11D3-BF4B-00C04F79EFBC}") = "PL.BW", "src\PL.BW\PL.BW.csproj", "{1CE31DCA-241B-447B-BAAA-9B3F7F12E59E}"
EndProject
Project("{FAE04EC0-301F-11D3-BF4B-00C04F79EFBC}") = "PL.Events", "src\PL.Events\PL.Events.csproj", "{7958DD80-F3AB-4C2F-94A1-B9D7DDCF0F45}"
EndProject
Global
	GlobalSection(SolutionConfigurationPlatforms) = preSolution
		Debug|Any CPU = Debug|Any CPU
		Release|Any CPU = Release|Any CPU
	EndGlobalSection
	GlobalSection(ProjectConfigurationPlatforms) = postSolution
		{5D951FF9-08B6-4C5C-8347-15E011CB00F3}.Debug|Any CPU.ActiveCfg = Debug|Any CPU
		{5D951FF9-08B6-4C5C-8347-15E011CB00F3}.Debug|Any CPU.Build.0 = Debug|Any CPU
		{5D951FF9-08B6-4C5C-8347-15E011CB00F3}.Release|Any CPU.ActiveCfg = Release|Any CPU
		{5D951FF9-08B6-4C5C-8347-15E011CB00F3}.Release|Any CPU.Build.0 = Release|Any CPU
		{CC794401-21B0-4F9F-83A4-49AD33905B44}.Debug|Any CPU.ActiveCfg = Debug|Any CPU
		{CC794401-21B0-4F9F-83A4-49AD33905B44}.Debug|Any CPU.Build.0 = Debug|Any CPU
		{CC794401-21B0-4F9F-83A4-49AD33905B44}.Release|Any CPU.ActiveCfg = Release|Any CPU
		{CC794401-21B0-4F9F-83A4-49AD33905B44}.Release|Any CPU.Build.0 = Release|Any CPU
		{3D96EE1A-00AF-484E-94EB-0BED4F9B079F}.Debug|Any CPU.ActiveCfg = Debug|Any CPU
		{3D96EE1A-00AF-484E-94EB-0BED4F9B079F}.Debug|Any CPU.Build.0 = Debug|Any CPU
		{3D96EE1A-00AF-484E-94EB-0BED4F9B079F}.Release|Any CPU.ActiveCfg = Release|Any CPU
		{3D96EE1A-00AF-484E-94EB-0BED4F9B079F}.Release|Any CPU.Build.0 = Release|Any CPU
		{1D682F3D-1DD0-4B72-AE89-7EB0F13DF3EB}.Debug|Any CPU.ActiveCfg = Debug|Any CPU
		{1D682F3D-1DD0-4B72-AE89-7EB0F13DF3EB}.Debug|Any CPU.Build.0 = Debug|Any CPU
		{1D682F3D-1DD0-4B72-AE89-7EB0F13DF3EB}.Release|Any CPU.ActiveCfg = Release|Any CPU
		{1D682F3D-1DD0-4B72-AE89-7EB0F13DF3EB}.Release|Any CPU.Build.0 = Release|Any CPU
		{1CE31DCA-241B-447B-BAAA-9B3F7F12E59E}.Debug|Any CPU.ActiveCfg = Debug|Any CPU
		{1CE31DCA-241B-447B-BAAA-9B3F7F12E59E}.Debug|Any CPU.Build.0 = Debug|Any CPU
		{1CE31DCA-241B-447B-BAAA-9B3F7F12E59E}.Release|Any CPU.ActiveCfg = Release|Any CPU
		{1CE31DCA-241B-447B-BAAA-9B3F7F12E59E}.Release|Any CPU.Build.0 = Release|Any CPU
		{7958DD80-F3AB-4C2F-94A1-B9D7DDCF0F45}.Debug|Any CPU.ActiveCfg = Debug|Any CPU
		{7958DD80-F3AB-4C2F-94A1-B9D7DDCF0F45}.Debug|Any CPU.Build.0 = Debug|Any CPU
		{7958DD80-F3AB-4C2F-94A1-B9D7DDCF0F45}.Release|Any CPU.ActiveCfg = Release|Any CPU
		{7958DD80-F3AB-4C2F-94A1-B9D7DDCF0F45}.Release|Any CPU.Build.0 = Release|Any CPU
	EndGlobalSection
	GlobalSection(NestedProjects) = preSolution
		{5D951FF9-08B6-4C5C-8347-15E011CB00F3} = {03CE963D-9C88-4C36-83B6-43CE8333B978}
		{CC794401-21B0-4F9F-83A4-49AD33905B44} = {03CE963D-9C88-4C36-83B6-43CE8333B978}
		{3D96EE1A-00AF-484E-94EB-0BED4F9B079F} = {5131390F-328E-4E6D-B389-848F9311305A}
		{1D682F3D-1DD0-4B72-AE89-7EB0F13DF3EB} = {03CE963D-9C88-4C36-83B6-43CE8333B978}
		{1CE31DCA-241B-447B-BAAA-9B3F7F12E59E} = {03CE963D-9C88-4C36-83B6-43CE8333B978}
		{7958DD80-F3AB-4C2F-94A1-B9D7DDCF0F45} = {03CE963D-9C88-4C36-83B6-43CE8333B978}
	EndGlobalSection
EndGlobal
